
Microsoft Visual Studio Solution File, Format Version 11.00
# Visual Studio 2010
# SharpDevelop 4.4
Project("{FAE04EC0-301F-11D3-BF4B-00C04F79EFBC}") = "RecuRUN", "RecuRUN.csproj", "{0551406F-257B-4D8D-AE8C-A407B52185CE}"
EndProject
Global
	GlobalSection(SolutionConfigurationPlatforms) = preSolution
		Debug|Any CPU = Debug|Any CPU
		Release|Any CPU = Release|Any CPU
	EndGlobalSection
	GlobalSection(ProjectConfigurationPlatforms) = postSolution
		{0551406F-257B-4D8D-AE8C-A407B52185CE}.Debug|Any CPU.Build.0 = Debug|Any CPU
		{0551406F-257B-4D8D-AE8C-A407B52185CE}.Debug|Any CPU.ActiveCfg = Debug|Any CPU
		{0551406F-257B-4D8D-AE8C-A407B52185CE}.Release|Any CPU.Build.0 = Release|Any CPU
		{0551406F-257B-4D8D-AE8C-A407B52185CE}.Release|Any CPU.ActiveCfg = Release|Any CPU
	EndGlobalSection
EndGlobal
